{
  "version": 4,
  "terraform_version": "0.12.17",
  "serial": 123,
  "lineage": "0ecc5aea-394e-e184-b6c5-cd4dafa9f6da",
  "outputs": {
    "ip": {
      "value": "157.245.26.21",
      "type": "string"
    }
  },
  "resources": [
    {
      "mode": "data",
      "type": "digitalocean_ssh_key",
      "name": "droplets-ssh-key",
      "provider": "provider.digitalocean",
      "instances": [
        {
          "schema_version": 0,
          "attributes": {
            "fingerprint": "c4:68:0b:48:d6:2c:e9:6c:0c:e8:0b:d0:df:18:75:6c",
            "id": "25968039",
            "name": "steve-do",
            "public_key": "ssh-rsa AAAAB3NzaC1yc2EAAAADAQABAAABAQC9S+A+8fC1EYhVcpDQNcXd13mFETKt+6+Qu7KsnXPRWqz8hFvKUxwWE877hi36Le/fm0JXKoBHjT2TI1u0lTErErrqDBgYclikEa0CvDha3Gx1ANsA+5v39rE7BOAoL62gj8zjGO0DnbNqAl5SFeBjUIArl8ctFg53kySiPgN3vzXaOqYaaCT7LiTNyQHq5zNE1ghCWBXjERXuCvFGSylCU53TCWBxJG1eEMdg52oHgeg+ld2iY6pbsGiwcjBWo+SpsYuIJaRNY39qx/EBr2J5cqpuGVy9IoF54ZHRkft+BFzY6WZUGquhIwge2tuQoYPxEhtNwF1S/dfFpcvhV5DN sradevski@MacBook-Pro-2.local"
          }
        }
      ]
    },
    {
      "mode": "managed",
      "type": "digitalocean_cdn",
      "name": "cdn-subdomain",
      "provider": "provider.digitalocean",
      "instances": [
        {
          "schema_version": 0,
          "attributes": {
            "certificate_id": "0b696841-328d-4098-9266-ed084c6ad899",
            "created_at": null,
            "custom_domain": "artifacts.lamk.dev",
            "endpoint": "lamk-artifacts-stg.fra1.cdn.digitaloceanspaces.com",
            "id": "691e4421-4da1-4386-92e1-a5744460f3e7",
            "origin": "lamk-artifacts-stg.fra1.digitaloceanspaces.com",
            "ttl": 3600
          },
          "private": "bnVsbA==",
          "dependencies": [
            "digitalocean_certificate.cdn-cert",
            "digitalocean_spaces_bucket.artifacts"
          ]
        }
      ]
    },
    {
      "mode": "managed",
      "type": "digitalocean_certificate",
      "name": "cdn-cert",
      "provider": "provider.digitalocean",
      "instances": [
        {
          "schema_version": 0,
          "attributes": {
            "certificate_chain": null,
            "domains": [
              "artifacts.lamk.dev"
            ],
            "id": "0b696841-328d-4098-9266-ed084c6ad899",
            "leaf_certificate": null,
            "name": "artifacts.lamk.dev",
            "not_after": "2020-04-03T12:23:15Z",
            "private_key": null,
            "sha1_fingerprint": "19ea76e8fd84f1ba56fa94b6399327b9d0e14c90",
            "state": "verified",
            "type": "lets_encrypt"
          },
          "private": "bnVsbA==",
          "dependencies": [
            "digitalocean_domain.default-domain"
          ]
        }
      ]
    },
    {
      "mode": "managed",
      "type": "digitalocean_domain",
      "name": "default-domain",
      "provider": "provider.digitalocean",
      "instances": [
        {
          "schema_version": 0,
          "attributes": {
            "id": "lamk.dev",
            "ip_address": "157.245.26.21",
            "name": "lamk.dev",
            "urn": "do:domain:lamk.dev"
          },
          "private": "bnVsbA==",
          "dependencies": [
            "digitalocean_floating_ip.floating-ip-1"
          ]
        }
      ]
    },
    {
      "mode": "managed",
      "type": "digitalocean_droplet",
      "name": "services",
      "provider": "provider.digitalocean",
      "instances": [
        {
          "status": "tainted",
          "deposed": "56f2a592",
          "schema_version": 1,
          "attributes": null,
          "private": "eyJzY2hlbWFfdmVyc2lvbiI6IjEifQ=="
        }
      ]
    },
    {
      "mode": "managed",
      "type": "digitalocean_droplet",
      "name": "services-1",
      "provider": "provider.digitalocean",
      "instances": [
        {
          "schema_version": 1,
          "attributes": {
            "backups": false,
            "created_at": "2020-01-07T18:27:55Z",
            "disk": 60,
            "id": "174622559",
            "image": "docker-18-04",
            "ipv4_address": "134.209.243.42",
            "ipv4_address_private": "",
            "ipv6": false,
            "ipv6_address": "",
            "ipv6_address_private": null,
            "locked": false,
            "memory": 2048,
            "monitoring": false,
            "name": "services-Staging-1",
            "price_hourly": 0.02232,
            "price_monthly": 15,
            "private_networking": false,
            "region": "fra1",
            "resize_disk": true,
            "size": "s-2vcpu-2gb",
            "ssh_keys": [
              "25968039"
            ],
            "status": "active",
            "tags": [
              "stg"
            ],
            "urn": "do:droplet:174622559",
            "user_data": null,
            "vcpus": 2,
            "volume_ids": []
          },
          "private": "eyJzY2hlbWFfdmVyc2lvbiI6IjEifQ=="
        }
      ]
    },
    {
      "mode": "managed",
      "type": "digitalocean_floating_ip",
      "name": "floating-ip-1",
      "provider": "provider.digitalocean",
      "instances": [
        {
          "schema_version": 0,
          "attributes": {
            "droplet_id": 174622559,
            "id": "157.245.26.21",
            "ip_address": "157.245.26.21",
            "region": "fra1",
            "urn": "do:floatingip:157.245.26.21"
          },
          "private": "bnVsbA==",
          "dependencies": [
            "digitalocean_droplet.services-1"
          ]
        }
      ]
    },
    {
      "mode": "managed",
      "type": "digitalocean_project",
      "name": "lamk-project",
      "provider": "provider.digitalocean",
      "instances": [
        {
          "schema_version": 0,
          "attributes": {
            "created_at": "2019-12-29T18:09:09Z",
            "description": "Lamk project resources",
            "environment": "Staging",
            "id": "dfb8b7b4-194b-4288-a318-939d208a0ac0",
            "name": "lamk-stg",
            "owner_id": 6856839,
            "owner_uuid": "7524d227-1803-4b18-b3a7-981b9d543be4",
            "purpose": "Lamk system infrastructure",
            "resources": [
              "do:domain:lamk.dev",
              "do:droplet:174622559",
              "do:floatingip:157.245.26.21",
              "do:space:lamk-artifacts-stg"
            ],
            "updated_at": "2019-12-29T18:09:09Z"
          },
          "private": "bnVsbA==",
          "dependencies": [
            "digitalocean_domain.default-domain",
            "digitalocean_droplet.services-1",
            "digitalocean_floating_ip.floating-ip-1",
            "digitalocean_spaces_bucket.artifacts"
          ]
        }
      ]
    },
    {
      "mode": "managed",
      "type": "digitalocean_record",
      "name": "CNAME-all",
      "provider": "provider.digitalocean",
      "instances": [
        {
          "schema_version": 0,
          "attributes": {
            "domain": "lamk.dev",
            "flags": 0,
            "fqdn": "*.lamk.dev",
            "id": "86875460",
            "name": "*",
            "port": 0,
            "priority": 0,
            "tag": "",
            "ttl": 43200,
            "type": "CNAME",
            "value": "@",
            "weight": 0
          },
          "private": "bnVsbA==",
          "dependencies": [
            "digitalocean_domain.default-domain",
            "digitalocean_floating_ip.floating-ip-1"
          ]
        }
      ]
    },
    {
      "mode": "managed",
      "type": "digitalocean_spaces_bucket",
      "name": "artifacts",
      "provider": "provider.digitalocean",
      "instances": [
        {
          "schema_version": 0,
          "attributes": {
            "acl": "private",
            "bucket_domain_name": "lamk-artifacts-stg.fra1.digitaloceanspaces.com",
            "cors_rule": [
              {
                "allowed_headers": [
                  "*"
                ],
                "allowed_methods": [
                  "GET"
                ],
                "allowed_origins": [
                  "*"
                ],
                "max_age_seconds": 3000
              }
            ],
            "force_destroy": false,
            "id": "lamk-artifacts-stg",
            "name": "lamk-artifacts-stg",
            "region": "fra1",
            "urn": "do:space:lamk-artifacts-stg"
          },
          "private": "bnVsbA=="
        }
      ]
    }
  ]
}
