{
  "version": 4,
  "terraform_version": "0.12.17",
  "serial": 48,
  "lineage": "5e570251-980a-bb73-cc7b-12c182a1b5e4",
  "outputs": {},
  "resources": [
    {
      "mode": "managed",
      "type": "digitalocean_droplet",
      "name": "gateway-1",
      "provider": "provider.digitalocean",
      "instances": [
        {
          "schema_version": 1,
          "attributes": {
            "backups": true,
            "created_at": "2019-12-12T21:27:54Z",
            "disk": 25,
            "id": "171202028",
            "image": "ubuntu-18-04-x64",
            "ipv4_address": "165.22.31.225",
            "ipv4_address_private": "10.135.138.96",
            "ipv6": false,
            "ipv6_address": "",
            "ipv6_address_private": null,
            "locked": false,
            "memory": 1024,
            "monitoring": false,
            "name": "gateway-1",
            "price_hourly": 0.00744,
            "price_monthly": 5,
            "private_networking": true,
            "region": "fra1",
            "resize_disk": true,
            "size": "s-1vcpu-1gb",
            "ssh_keys": [
              "25968039"
            ],
            "status": "active",
            "tags": [
              "stg"
            ],
            "urn": "do:droplet:171202028",
            "user_data": null,
            "vcpus": 1,
            "volume_ids": []
          },
          "private": "eyJzY2hlbWFfdmVyc2lvbiI6IjEifQ=="
        }
      ]
    }
  ]
}
