{
  "version": 4,
  "terraform_version": "0.12.17",
  "serial": 35,
  "lineage": "5e570251-980a-bb73-cc7b-12c182a1b5e4",
  "outputs": {
    "ip": {
      "value": "134.209.228.159",
      "type": "string"
    }
  },
  "resources": [
    {
      "mode": "data",
      "type": "digitalocean_ssh_key",
      "name": "droplets-ssh-key",
      "provider": "provider.digitalocean",
      "instances": [
        {
          "schema_version": 0,
          "attributes": {
            "fingerprint": "c4:68:0b:48:d6:2c:e9:6c:0c:e8:0b:d0:df:18:75:6c",
            "id": "25968039",
            "name": "steve-do",
            "public_key": "ssh-rsa AAAAB3NzaC1yc2EAAAADAQABAAABAQC9S+A+8fC1EYhVcpDQNcXd13mFETKt+6+Qu7KsnXPRWqz8hFvKUxwWE877hi36Le/fm0JXKoBHjT2TI1u0lTErErrqDBgYclikEa0CvDha3Gx1ANsA+5v39rE7BOAoL62gj8zjGO0DnbNqAl5SFeBjUIArl8ctFg53kySiPgN3vzXaOqYaaCT7LiTNyQHq5zNE1ghCWBXjERXuCvFGSylCU53TCWBxJG1eEMdg52oHgeg+ld2iY6pbsGiwcjBWo+SpsYuIJaRNY39qx/EBr2J5cqpuGVy9IoF54ZHRkft+BFzY6WZUGquhIwge2tuQoYPxEhtNwF1S/dfFpcvhV5DN sradevski@MacBook-Pro-2.local"
          }
        }
      ]
    },
    {
      "mode": "managed",
      "type": "digitalocean_cdn",
      "name": "cdn-subdomain",
      "provider": "provider.digitalocean",
      "instances": [
        {
          "schema_version": 0,
          "attributes": {
            "certificate_id": "1bb73752-d05b-45e9-86ab-3555fc051ee9",
            "created_at": null,
            "custom_domain": "artifacts.lamk.dev",
            "endpoint": "lamk-artifacts.fra1.cdn.digitaloceanspaces.com",
            "id": "29f815d4-7d33-4eb7-a2d9-58f7f31d3fad",
            "origin": "lamk-artifacts.fra1.digitaloceanspaces.com",
            "ttl": 3600
          },
          "private": "bnVsbA==",
          "dependencies": [
            "digitalocean_certificate.cdn-cert",
            "digitalocean_spaces_bucket.artifacts"
          ]
        }
      ]
    },
    {
      "mode": "managed",
      "type": "digitalocean_certificate",
      "name": "cdn-cert",
      "provider": "provider.digitalocean",
      "instances": [
        {
          "schema_version": 0,
          "attributes": {
            "certificate_chain": null,
            "domains": [
              "artifacts.lamk.dev"
            ],
            "id": "1bb73752-d05b-45e9-86ab-3555fc051ee9",
            "leaf_certificate": null,
            "name": "cdn-cert",
            "not_after": "2020-03-11T20:14:36Z",
            "private_key": null,
            "sha1_fingerprint": "c77efdfce15476142ad8001f9176ab0f769e3b71",
            "state": "verified",
            "type": "lets_encrypt"
          },
          "private": "bnVsbA==",
          "dependencies": [
            "digitalocean_domain.default-domain",
            "digitalocean_droplet.gateway-1",
            "digitalocean_floating_ip.floating-ip"
          ]
        }
      ]
    },
    {
      "mode": "managed",
      "type": "digitalocean_domain",
      "name": "default-domain",
      "provider": "provider.digitalocean",
      "instances": [
        {
          "schema_version": 0,
          "attributes": {
            "id": "lamk.dev",
            "ip_address": "67.207.77.237",
            "name": "lamk.dev",
            "urn": "do:domain:lamk.dev"
          },
          "private": "bnVsbA==",
          "dependencies": [
            "digitalocean_droplet.gateway-1",
            "digitalocean_floating_ip.floating-ip"
          ]
        }
      ]
    },
    {
      "mode": "managed",
      "type": "digitalocean_droplet",
      "name": "backstore-ui-1",
      "provider": "provider.digitalocean",
      "instances": [
        {
          "schema_version": 1,
          "attributes": {
            "backups": true,
            "created_at": "2019-12-12T21:09:26Z",
            "disk": 25,
            "id": "171200475",
            "image": "ubuntu-18-04-x64",
            "ipv4_address": "167.71.47.218",
            "ipv4_address_private": "10.135.151.44",
            "ipv6": false,
            "ipv6_address": "",
            "ipv6_address_private": null,
            "locked": false,
            "memory": 1024,
            "monitoring": false,
            "name": "backstore-ui-1",
            "price_hourly": 0.00744,
            "price_monthly": 5,
            "private_networking": true,
            "region": "fra1",
            "resize_disk": true,
            "size": "s-1vcpu-1gb",
            "ssh_keys": [
              "25968039"
            ],
            "status": "active",
            "tags": [
              "stg"
            ],
            "urn": "do:droplet:171200475",
            "user_data": null,
            "vcpus": 1,
            "volume_ids": []
          },
          "private": "eyJzY2hlbWFfdmVyc2lvbiI6IjEifQ=="
        }
      ]
    },
    {
      "mode": "managed",
      "type": "digitalocean_droplet",
      "name": "data-api-1",
      "provider": "provider.digitalocean",
      "instances": [
        {
          "schema_version": 1,
          "attributes": {
            "backups": true,
            "created_at": "2019-12-12T21:09:26Z",
            "disk": 25,
            "id": "171200474",
            "image": "ubuntu-18-04-x64",
            "ipv4_address": "104.248.252.33",
            "ipv4_address_private": "10.135.25.222",
            "ipv6": false,
            "ipv6_address": "",
            "ipv6_address_private": null,
            "locked": false,
            "memory": 1024,
            "monitoring": false,
            "name": "data-api-1",
            "price_hourly": 0.00744,
            "price_monthly": 5,
            "private_networking": true,
            "region": "fra1",
            "resize_disk": true,
            "size": "s-1vcpu-1gb",
            "ssh_keys": [
              "25968039"
            ],
            "status": "active",
            "tags": [
              "stg"
            ],
            "urn": "do:droplet:171200474",
            "user_data": null,
            "vcpus": 1,
            "volume_ids": []
          },
          "private": "eyJzY2hlbWFfdmVyc2lvbiI6IjEifQ=="
        }
      ]
    },
    {
      "mode": "managed",
      "type": "digitalocean_droplet",
      "name": "gateway-1",
      "provider": "provider.digitalocean",
      "instances": [
        {
          "schema_version": 1,
          "attributes": {
            "backups": true,
            "created_at": "2019-12-12T21:09:26Z",
            "disk": 25,
            "id": "171200477",
            "image": "ubuntu-18-04-x64",
            "ipv4_address": "134.209.228.159",
            "ipv4_address_private": "10.135.111.74",
            "ipv6": false,
            "ipv6_address": "",
            "ipv6_address_private": null,
            "locked": false,
            "memory": 1024,
            "monitoring": true,
            "name": "gateway-1",
            "price_hourly": 0.00744,
            "price_monthly": 5,
            "private_networking": true,
            "region": "fra1",
            "resize_disk": true,
            "size": "s-1vcpu-1gb",
            "ssh_keys": [
              "25968039"
            ],
            "status": "active",
            "tags": [
              "stg"
            ],
            "urn": "do:droplet:171200477",
            "user_data": null,
            "vcpus": 1,
            "volume_ids": []
          },
          "private": "eyJzY2hlbWFfdmVyc2lvbiI6IjEifQ=="
        }
      ]
    },
    {
      "mode": "managed",
      "type": "digitalocean_droplet",
      "name": "store-ui-1",
      "provider": "provider.digitalocean",
      "instances": [
        {
          "schema_version": 1,
          "attributes": {
            "backups": true,
            "created_at": "2019-12-12T21:09:26Z",
            "disk": 25,
            "id": "171200476",
            "image": "ubuntu-18-04-x64",
            "ipv4_address": "157.230.97.170",
            "ipv4_address_private": "10.135.78.167",
            "ipv6": false,
            "ipv6_address": "",
            "ipv6_address_private": null,
            "locked": false,
            "memory": 1024,
            "monitoring": false,
            "name": "store-ui-1",
            "price_hourly": 0.00744,
            "price_monthly": 5,
            "private_networking": true,
            "region": "fra1",
            "resize_disk": true,
            "size": "s-1vcpu-1gb",
            "ssh_keys": [
              "25968039"
            ],
            "status": "active",
            "tags": [
              "stg"
            ],
            "urn": "do:droplet:171200476",
            "user_data": null,
            "vcpus": 1,
            "volume_ids": []
          },
          "private": "eyJzY2hlbWFfdmVyc2lvbiI6IjEifQ=="
        }
      ]
    },
    {
      "mode": "managed",
      "type": "digitalocean_floating_ip",
      "name": "floating-ip",
      "provider": "provider.digitalocean",
      "instances": [
        {
          "schema_version": 0,
          "attributes": {
            "droplet_id": 171200477,
            "id": "67.207.77.237",
            "ip_address": "67.207.77.237",
            "region": "fra1",
            "urn": "do:floatingip:67.207.77.237"
          },
          "private": "bnVsbA==",
          "dependencies": [
            "digitalocean_droplet.gateway-1"
          ]
        }
      ]
    },
    {
      "mode": "managed",
      "type": "digitalocean_project",
      "name": "lamk-project",
      "provider": "provider.digitalocean",
      "instances": [
        {
          "schema_version": 0,
          "attributes": {
            "created_at": "2019-12-12T21:18:26Z",
            "description": "Lamk project resources",
            "environment": "Staging",
            "id": "2b28f811-26e4-4925-b5de-23f7642ff111",
            "name": "lamk-stg",
            "owner_id": 6856839,
            "owner_uuid": "7524d227-1803-4b18-b3a7-981b9d543be4",
            "purpose": "Lamk system infrastructure",
            "resources": [
              "do:domain:lamk.dev",
              "do:droplet:171200474",
              "do:droplet:171200475",
              "do:droplet:171200476",
              "do:droplet:171200477",
              "do:floatingip:67.207.77.237",
              "do:space:lamk-artifacts"
            ],
            "updated_at": "2019-12-12T21:18:26Z"
          },
          "private": "bnVsbA==",
          "dependencies": [
            "digitalocean_domain.default-domain",
            "digitalocean_droplet.backstore-ui-1",
            "digitalocean_droplet.data-api-1",
            "digitalocean_droplet.gateway-1",
            "digitalocean_droplet.store-ui-1",
            "digitalocean_floating_ip.floating-ip",
            "digitalocean_spaces_bucket.artifacts"
          ]
        }
      ]
    },
    {
      "mode": "managed",
      "type": "digitalocean_record",
      "name": "CNAME-www",
      "provider": "provider.digitalocean",
      "instances": [
        {
          "schema_version": 0,
          "attributes": {
            "domain": "lamk.dev",
            "flags": 0,
            "fqdn": "www.lamk.dev",
            "id": "85315029",
            "name": "www",
            "port": 0,
            "priority": 0,
            "tag": "",
            "ttl": 1800,
            "type": "CNAME",
            "value": "@",
            "weight": 0
          },
          "private": "bnVsbA==",
          "dependencies": [
            "digitalocean_domain.default-domain",
            "digitalocean_droplet.gateway-1",
            "digitalocean_floating_ip.floating-ip"
          ]
        }
      ]
    },
    {
      "mode": "managed",
      "type": "digitalocean_spaces_bucket",
      "name": "artifacts",
      "provider": "provider.digitalocean",
      "instances": [
        {
          "schema_version": 0,
          "attributes": {
            "acl": "private",
            "bucket_domain_name": "lamk-artifacts.fra1.digitaloceanspaces.com",
            "cors_rule": [
              {
                "allowed_headers": [
                  "*"
                ],
                "allowed_methods": [
                  "GET"
                ],
                "allowed_origins": [
                  "*"
                ],
                "max_age_seconds": 3000
              }
            ],
            "force_destroy": false,
            "id": "lamk-artifacts",
            "name": "lamk-artifacts",
            "region": "fra1",
            "urn": "do:space:lamk-artifacts"
          },
          "private": "bnVsbA=="
        }
      ]
    }
  ]
}
