{
  "version": 4,
  "terraform_version": "0.12.26",
  "serial": 44,
  "lineage": "d3d276c4-5b6e-ffa5-bd89-77a386619535",
  "outputs": {
    "ip": {
      "value": "188.166.192.133",
      "type": "string"
    }
  },
  "resources": [
    {
      "mode": "data",
      "type": "digitalocean_ssh_key",
      "name": "droplets-ssh-key",
      "provider": "provider.digitalocean",
      "instances": [
        {
          "schema_version": 0,
          "attributes": {
            "fingerprint": "c4:68:0b:48:d6:2c:e9:6c:0c:e8:0b:d0:df:18:75:6c",
            "id": "25968039",
            "name": "steve-do",
            "public_key": "ssh-rsa AAAAB3NzaC1yc2EAAAADAQABAAABAQC9S+A+8fC1EYhVcpDQNcXd13mFETKt+6+Qu7KsnXPRWqz8hFvKUxwWE877hi36Le/fm0JXKoBHjT2TI1u0lTErErrqDBgYclikEa0CvDha3Gx1ANsA+5v39rE7BOAoL62gj8zjGO0DnbNqAl5SFeBjUIArl8ctFg53kySiPgN3vzXaOqYaaCT7LiTNyQHq5zNE1ghCWBXjERXuCvFGSylCU53TCWBxJG1eEMdg52oHgeg+ld2iY6pbsGiwcjBWo+SpsYuIJaRNY39qx/EBr2J5cqpuGVy9IoF54ZHRkft+BFzY6WZUGquhIwge2tuQoYPxEhtNwF1S/dfFpcvhV5DN sradevski@MacBook-Pro-2.local"
          }
        }
      ]
    },
    {
      "mode": "managed",
      "type": "digitalocean_cdn",
      "name": "cdn-subdomain",
      "provider": "provider.digitalocean",
      "instances": [
        {
          "schema_version": 0,
          "attributes": {
            "certificate_id": "f80adeb2-e7a0-4875-b4c1-d60ded187c14",
            "created_at": null,
            "custom_domain": "artifacts.la.mk",
            "endpoint": "lamk-artifacts.fra1.cdn.digitaloceanspaces.com",
            "id": "45e46507-6a8f-412f-bed2-b873e06a810b",
            "origin": "lamk-artifacts.fra1.digitaloceanspaces.com",
            "ttl": 604800
          },
          "private": "bnVsbA==",
          "dependencies": [
            "digitalocean_certificate.cdn-cert",
            "digitalocean_spaces_bucket.artifacts"
          ]
        }
      ]
    },
    {
      "mode": "managed",
      "type": "digitalocean_certificate",
      "name": "cdn-cert",
      "provider": "provider.digitalocean",
      "instances": [
        {
          "schema_version": 0,
          "attributes": {
            "certificate_chain": null,
            "domains": [
              "artifacts.la.mk"
            ],
            "id": "f80adeb2-e7a0-4875-b4c1-d60ded187c14",
            "leaf_certificate": null,
            "name": "artifacts.la.mk",
            "not_after": "2020-11-06T03:01:51Z",
            "private_key": null,
            "sha1_fingerprint": "65c8c07134a7c565716a85f5e0932708cc0a7ef9",
            "state": "verified",
            "type": "lets_encrypt"
          },
          "private": "eyJzY2hlbWFfdmVyc2lvbiI6IjAifQ==",
          "dependencies": [
            "digitalocean_domain.default-domain"
          ]
        }
      ]
    },
    {
      "mode": "managed",
      "type": "digitalocean_domain",
      "name": "default-domain",
      "provider": "provider.digitalocean",
      "instances": [
        {
          "schema_version": 0,
          "attributes": {
            "id": "la.mk",
            "ip_address": "76.76.21.21",
            "name": "la.mk",
            "urn": "do:domain:la.mk"
          },
          "private": "bnVsbA==",
          "dependencies": [
            "digitalocean_droplet.services-1",
            "digitalocean_floating_ip.floating-ip-1"
          ]
        }
      ]
    },
    {
      "mode": "managed",
      "type": "digitalocean_droplet",
      "name": "services-1",
      "provider": "provider.digitalocean",
      "instances": [
        {
          "schema_version": 1,
          "attributes": {
            "backups": false,
            "created_at": "2020-02-23T20:05:50Z",
            "disk": 80,
            "id": "181857532",
            "image": "docker-18-04",
            "ipv4_address": "138.68.92.133",
            "ipv4_address_private": "",
            "ipv6": false,
            "ipv6_address": "",
            "ipv6_address_private": null,
            "locked": false,
            "memory": 4096,
            "monitoring": false,
            "name": "services-Production-1",
            "price_hourly": 0.02976,
            "price_monthly": 20,
            "private_networking": false,
            "region": "fra1",
            "resize_disk": true,
            "size": "s-2vcpu-4gb",
            "ssh_keys": [
              "25968039"
            ],
            "status": "active",
            "tags": [
              "prod"
            ],
            "urn": "do:droplet:181857532",
            "user_data": null,
            "vcpus": 2,
            "volume_ids": []
          },
          "private": "eyJzY2hlbWFfdmVyc2lvbiI6IjEifQ=="
        }
      ]
    },
    {
      "mode": "managed",
      "type": "digitalocean_floating_ip",
      "name": "floating-ip-1",
      "provider": "provider.digitalocean",
      "instances": [
        {
          "schema_version": 0,
          "attributes": {
            "droplet_id": 181857532,
            "id": "188.166.192.133",
            "ip_address": "188.166.192.133",
            "region": "fra1",
            "urn": "do:floatingip:188.166.192.133"
          },
          "private": "bnVsbA==",
          "dependencies": [
            "digitalocean_droplet.services-1"
          ]
        }
      ]
    },
    {
      "mode": "managed",
      "type": "digitalocean_project",
      "name": "lamk-project",
      "provider": "provider.digitalocean",
      "instances": [
        {
          "schema_version": 0,
          "attributes": {
            "created_at": "2020-01-05T14:31:22Z",
            "description": "Lamk project resources",
            "environment": "Production",
            "id": "68128c8b-d0bd-4b39-a69b-6bddc24336fc",
            "name": "lamk-prod",
            "owner_id": 6856839,
            "owner_uuid": "7524d227-1803-4b18-b3a7-981b9d543be4",
            "purpose": "Lamk system infrastructure",
            "resources": [
              "do:domain:la.mk",
              "do:droplet:181857532",
              "do:floatingip:188.166.192.133",
              "do:space:lamk-artifacts"
            ],
            "updated_at": "2020-01-05T14:31:22Z"
          },
          "private": "bnVsbA==",
          "dependencies": [
            "digitalocean_domain.default-domain",
            "digitalocean_droplet.services-1",
            "digitalocean_floating_ip.floating-ip-1",
            "digitalocean_spaces_bucket.artifacts"
          ]
        }
      ]
    },
    {
      "mode": "managed",
      "type": "digitalocean_record",
      "name": "A-all",
      "provider": "provider.digitalocean",
      "instances": [
        {
          "schema_version": 0,
          "attributes": {
            "domain": "la.mk",
            "flags": 0,
            "fqdn": "*.la.mk",
            "id": "110679114",
            "name": "*",
            "port": 0,
            "priority": 0,
            "tag": "",
            "ttl": 43200,
            "type": "A",
            "value": "188.166.192.133",
            "weight": 0
          },
          "private": "bnVsbA==",
          "dependencies": [
            "digitalocean_domain.default-domain",
            "digitalocean_floating_ip.floating-ip-1"
          ]
        }
      ]
    },
    {
      "mode": "managed",
      "type": "digitalocean_spaces_bucket",
      "name": "artifacts",
      "provider": "provider.digitalocean",
      "instances": [
        {
          "schema_version": 0,
          "attributes": {
            "acl": "private",
            "bucket_domain_name": "lamk-artifacts.fra1.digitaloceanspaces.com",
            "cors_rule": [
              {
                "allowed_headers": [
                  "*"
                ],
                "allowed_methods": [
                  "GET"
                ],
                "allowed_origins": [
                  "*"
                ],
                "max_age_seconds": 604800
              }
            ],
            "force_destroy": false,
            "id": "lamk-artifacts",
            "name": "lamk-artifacts",
            "region": "fra1",
            "urn": "do:space:lamk-artifacts"
          },
          "private": "bnVsbA=="
        }
      ]
    }
  ]
}
